
Microsoft Visual Studio Solution File, Format Version 12.00
# Visual Studio 15
VisualStudioVersion = 15.0.27703.1
MinimumVisualStudioVersion = 10.0.40219.1
Project("{FAE04EC0-301F-11D3-BF4B-00C04F79EFBC}") = "GeneticApi", "GeneticApi\GeneticApi.csproj", "{3AB62DF4-FCB5-4A73-92D8-1E446EE82E1B}"
EndProject
Global
	GlobalSection(SolutionConfigurationPlatforms) = preSolution
		Debug|Any CPU = Debug|Any CPU
		Release|Any CPU = Release|Any CPU
	EndGlobalSection
	GlobalSection(ProjectConfigurationPlatforms) = postSolution
		{3AB62DF4-FCB5-4A73-92D8-1E446EE82E1B}.Debug|Any CPU.ActiveCfg = Debug|Any CPU
		{3AB62DF4-FCB5-4A73-92D8-1E446EE82E1B}.Debug|Any CPU.Build.0 = Debug|Any CPU
		{3AB62DF4-FCB5-4A73-92D8-1E446EE82E1B}.Release|Any CPU.ActiveCfg = Release|Any CPU
		{3AB62DF4-FCB5-4A73-92D8-1E446EE82E1B}.Release|Any CPU.Build.0 = Release|Any CPU
	EndGlobalSection
	GlobalSection(SolutionProperties) = preSolution
		HideSolutionNode = FALSE
	EndGlobalSection
	GlobalSection(ExtensibilityGlobals) = postSolution
		SolutionGuid = {89C2A4F8-1A19-4B56-996C-94A433289DD9}
	EndGlobalSection
EndGlobal
